
Microsoft Visual Studio Solution File, Format Version 10.00
# Visual Studio 2008
Project("{8BC9CEB8-8B4A-11D0-8D11-00A0C91BC942}") = "OCITest", "OCITest.vcproj", "{896F5C74-44FD-4D19-8C8B-6917A80BC359}"
EndProject
Global
	GlobalSection(SolutionConfigurationPlatforms) = preSolution
		Debug|Win32 = Debug|Win32
		Release|Win32 = Release|Win32
	EndGlobalSection
	GlobalSection(ProjectConfigurationPlatforms) = postSolution
		{896F5C74-44FD-4D19-8C8B-6917A80BC359}.Debug|Win32.ActiveCfg = Debug|Win32
		{896F5C74-44FD-4D19-8C8B-6917A80BC359}.Debug|Win32.Build.0 = Debug|Win32
		{896F5C74-44FD-4D19-8C8B-6917A80BC359}.Release|Win32.ActiveCfg = Release|Win32
		{896F5C74-44FD-4D19-8C8B-6917A80BC359}.Release|Win32.Build.0 = Release|Win32
	EndGlobalSection
	GlobalSection(SolutionProperties) = preSolution
		HideSolutionNode = FALSE
	EndGlobalSection
EndGlobal
